// !$*UTF8*$!
{
	archiveVersion = 1;
	classes = {
	};
	objectVersion = 50;
	objects = {

/* Begin PBXBuildFile section */
		2BABE82724D7E73B002C77AD /* AppDelegate.swift in Sources */ = {isa = PBXBuildFile; fileRef = 2BABE82624D7E73B002C77AD /* AppDelegate.swift */; };
		2BABE82924D7E73B002C77AD /* SceneDelegate.swift in Sources */ = {isa = PBXBuildFile; fileRef = 2BABE82824D7E73B002C77AD /* SceneDelegate.swift */; };
		2BABE82B24D7E73B002C77AD /* ViewController.swift in Sources */ = {isa = PBXBuildFile; fileRef = 2BABE82A24D7E73B002C77AD /* ViewController.swift */; };
		2BABE82E24D7E73B002C77AD /* Main.storyboard in Resources */ = {isa = PBXBuildFile; fileRef = 2BABE82C24D7E73B002C77AD /* Main.storyboard */; };
		2BABE83124D7E73B002C77AD /* __3_zoom.xcdatamodeld in Sources */ = {isa = PBXBuildFile; fileRef = 2BABE82F24D7E73B002C77AD /* __3_zoom.xcdatamodeld */; };
		2BABE83324D7E73C002C77AD /* Assets.xcassets in Resources */ = {isa = PBXBuildFile; fileRef = 2BABE83224D7E73C002C77AD /* Assets.xcassets */; };
		2BABE83624D7E73C002C77AD /* LaunchScreen.storyboard in Resources */ = {isa = PBXBuildFile; fileRef = 2BABE83424D7E73C002C77AD /* LaunchScreen.storyboard */; };
		2BB643A024D834DE0085C8C2 /* zoomController.swift in Sources */ = {isa = PBXBuildFile; fileRef = 2BB6439F24D834DE0085C8C2 /* zoomController.swift */; };
		2BB643A224D836780085C8C2 /* filterController.swift in Sources */ = {isa = PBXBuildFile; fileRef = 2BB643A124D836780085C8C2 /* filterController.swift */; };
		2BB643A424D836BF0085C8C2 /* cutController.swift in Sources */ = {isa = PBXBuildFile; fileRef = 2BB643A324D836BF0085C8C2 /* cutController.swift */; };
		2BB643AA24DA60900085C8C2 /* network.swift in Sources */ = {isa = PBXBuildFile; fileRef = 2BB643A924DA60900085C8C2 /* network.swift */; };
		4CEAB84A55AF63E69217852C /* Pods_8_3_zoom.framework in Frameworks */ = {isa = PBXBuildFile; fileRef = C23789171041A64626BE65E0 /* Pods_8_3_zoom.framework */; };
/* End PBXBuildFile section */

/* Begin PBXFileReference section */
		211D787E01FF4579D18BA0A8 /* Pods-8-3-zoom.release.xcconfig */ = {isa = PBXFileReference; includeInIndex = 1; lastKnownFileType = text.xcconfig; name = "Pods-8-3-zoom.release.xcconfig"; path = "Target Support Files/Pods-8-3-zoom/Pods-8-3-zoom.release.xcconfig"; sourceTree = "<group>"; };
		2BABE82324D7E73B002C77AD /* 8-3-zoom.app */ = {isa = PBXFileReference; explicitFileType = wrapper.application; includeInIndex = 0; path = "8-3-zoom.app"; sourceTree = BUILT_PRODUCTS_DIR; };
		2BABE82624D7E73B002C77AD /* AppDelegate.swift */ = {isa = PBXFileReference; lastKnownFileType = sourcecode.swift; path = AppDelegate.swift; sourceTree = "<group>"; };
		2BABE82824D7E73B002C77AD /* SceneDelegate.swift */ = {isa = PBXFileReference; lastKnownFileType = sourcecode.swift; path = SceneDelegate.swift; sourceTree = "<group>"; };
		2BABE82A24D7E73B002C77AD /* ViewController.swift */ = {isa = PBXFileReference; lastKnownFileType = sourcecode.swift; path = ViewController.swift; sourceTree = "<group>"; };
		2BABE82D24D7E73B002C77AD /* Base */ = {isa = PBXFileReference; lastKnownFileType = file.storyboard; name = Base; path = Base.lproj/Main.storyboard; sourceTree = "<group>"; };
		2BABE83024D7E73B002C77AD /* __3_zoom.xcdatamodel */ = {isa = PBXFileReference; lastKnownFileType = wrapper.xcdatamodel; path = __3_zoom.xcdatamodel; sourceTree = "<group>"; };
		2BABE83224D7E73C002C77AD /* Assets.xcassets */ = {isa = PBXFileReference; lastKnownFileType = folder.assetcatalog; path = Assets.xcassets; sourceTree = "<group>"; };
		2BABE83524D7E73C002C77AD /* Base */ = {isa = PBXFileReference; lastKnownFileType = file.storyboard; name = Base; path = Base.lproj/LaunchScreen.storyboard; sourceTree = "<group>"; };
		2BABE83724D7E73C002C77AD /* Info.plist */ = {isa = PBXFileReference; lastKnownFileType = text.plist.xml; path = Info.plist; sourceTree = "<group>"; };
		2BB6439F24D834DE0085C8C2 /* zoomController.swift */ = {isa = PBXFileReference; lastKnownFileType = sourcecode.swift; path = zoomController.swift; sourceTree = "<group>"; };
		2BB643A124D836780085C8C2 /* filterController.swift */ = {isa = PBXFileReference; lastKnownFileType = sourcecode.swift; path = filterController.swift; sourceTree = "<group>"; };
		2BB643A324D836BF0085C8C2 /* cutController.swift */ = {isa = PBXFileReference; lastKnownFileType = sourcecode.swift; path = cutController.swift; sourceTree = "<group>"; };
		2BB643A924DA60900085C8C2 /* network.swift */ = {isa = PBXFileReference; lastKnownFileType = sourcecode.swift; path = network.swift; sourceTree = "<group>"; };
		C0F6135C130CDF6018BB0D5B /* Pods-8-3-zoom.debug.xcconfig */ = {isa = PBXFileReference; includeInIndex = 1; lastKnownFileType = text.xcconfig; name = "Pods-8-3-zoom.debug.xcconfig"; path = "Target Support Files/Pods-8-3-zoom/Pods-8-3-zoom.debug.xcconfig"; sourceTree = "<group>"; };
		C23789171041A64626BE65E0 /* Pods_8_3_zoom.framework */ = {isa = PBXFileReference; explicitFileType = wrapper.framework; includeInIndex = 0; path = Pods_8_3_zoom.framework; sourceTree = BUILT_PRODUCTS_DIR; };
/* End PBXFileReference section */

/* Begin PBXFrameworksBuildPhase section */
		2BABE82024D7E73B002C77AD /* Frameworks */ = {
			isa = PBXFrameworksBuildPhase;
			buildActionMask = 2147483647;
			files = (
				4CEAB84A55AF63E69217852C /* Pods_8_3_zoom.framework in Frameworks */,
			);
			runOnlyForDeploymentPostprocessing = 0;
		};
/* End PBXFrameworksBuildPhase section */

/* Begin PBXGroup section */
		2BABE81A24D7E73B002C77AD = {
			isa = PBXGroup;
			children = (
				2BABE82524D7E73B002C77AD /* 8-3-zoom */,
				2BABE82424D7E73B002C77AD /* Products */,
				61ABB733BE4A44C55D267322 /* Pods */,
				77AD52060F6947935127AD63 /* Frameworks */,
			);
			sourceTree = "<group>";
		};
		2BABE82424D7E73B002C77AD /* Products */ = {
			isa = PBXGroup;
			children = (
				2BABE82324D7E73B002C77AD /* 8-3-zoom.app */,
			);
			name = Products;
			sourceTree = "<group>";
		};
		2BABE82524D7E73B002C77AD /* 8-3-zoom */ = {
			isa = PBXGroup;
			children = (
				2BB6439E24D834530085C8C2 /* tabNavigation */,
				2BABE82624D7E73B002C77AD /* AppDelegate.swift */,
				2BABE82824D7E73B002C77AD /* SceneDelegate.swift */,
				2BABE82C24D7E73B002C77AD /* Main.storyboard */,
				2BABE83224D7E73C002C77AD /* Assets.xcassets */,
				2BABE83424D7E73C002C77AD /* LaunchScreen.storyboard */,
				2BABE83724D7E73C002C77AD /* Info.plist */,
				2BABE82F24D7E73B002C77AD /* __3_zoom.xcdatamodeld */,
				2BB643A924DA60900085C8C2 /* network.swift */,
			);
			path = "8-3-zoom";
			sourceTree = "<group>";
		};
		2BB6439E24D834530085C8C2 /* tabNavigation */ = {
			isa = PBXGroup;
			children = (
				2BABE82A24D7E73B002C77AD /* ViewController.swift */,
				2BB6439F24D834DE0085C8C2 /* zoomController.swift */,
				2BB643A124D836780085C8C2 /* filterController.swift */,
				2BB643A324D836BF0085C8C2 /* cutController.swift */,
			);
			path = tabNavigation;
			sourceTree = "<group>";
		};
		61ABB733BE4A44C55D267322 /* Pods */ = {
			isa = PBXGroup;
			children = (
				C0F6135C130CDF6018BB0D5B /* Pods-8-3-zoom.debug.xcconfig */,
				211D787E01FF4579D18BA0A8 /* Pods-8-3-zoom.release.xcconfig */,
			);
			path = Pods;
			sourceTree = "<group>";
		};
		77AD52060F6947935127AD63 /* Frameworks */ = {
			isa = PBXGroup;
			children = (
				C23789171041A64626BE65E0 /* Pods_8_3_zoom.framework */,
			);
			name = Frameworks;
			sourceTree = "<group>";
		};
/* End PBXGroup section */

/* Begin PBXNativeTarget section */
		2BABE82224D7E73B002C77AD /* 8-3-zoom */ = {
			isa = PBXNativeTarget;
			buildConfigurationList = 2BABE83A24D7E73C002C77AD /* Build configuration list for PBXNativeTarget "8-3-zoom" */;
			buildPhases = (
				AF4B7D2A2AD3965386597BBA /* [CP] Check Pods Manifest.lock */,
				2BABE81F24D7E73B002C77AD /* Sources */,
				2BABE82024D7E73B002C77AD /* Frameworks */,
				2BABE82124D7E73B002C77AD /* Resources */,
				B762E6C9CF374A56C10B0CE3 /* [CP] Embed Pods Frameworks */,
			);
			buildRules = (
			);
			dependencies = (
			);
			name = "8-3-zoom";
			productName = "8-3-zoom";
			productReference = 2BABE82324D7E73B002C77AD /* 8-3-zoom.app */;
			productType = "com.apple.product-type.application";
		};
/* End PBXNativeTarget section */

/* Begin PBXProject section */
		2BABE81B24D7E73B002C77AD /* Project object */ = {
			isa = PBXProject;
			attributes = {
				LastSwiftUpdateCheck = 1200;
				LastUpgradeCheck = 1200;
				TargetAttributes = {
					2BABE82224D7E73B002C77AD = {
						CreatedOnToolsVersion = 12.0;
					};
				};
			};
			buildConfigurationList = 2BABE81E24D7E73B002C77AD /* Build configuration list for PBXProject "8-3-zoom" */;
			compatibilityVersion = "Xcode 9.3";
			developmentRegion = en;
			hasScannedForEncodings = 0;
			knownRegions = (
				en,
				Base,
			);
			mainGroup = 2BABE81A24D7E73B002C77AD;
			productRefGroup = 2BABE82424D7E73B002C77AD /* Products */;
			projectDirPath = "";
			projectRoot = "";
			targets = (
				2BABE82224D7E73B002C77AD /* 8-3-zoom */,
			);
		};
/* End PBXProject section */

/* Begin PBXResourcesBuildPhase section */
		2BABE82124D7E73B002C77AD /* Resources */ = {
			isa = PBXResourcesBuildPhase;
			buildActionMask = 2147483647;
			files = (
				2BABE83624D7E73C002C77AD /* LaunchScreen.storyboard in Resources */,
				2BABE83324D7E73C002C77AD /* Assets.xcassets in Resources */,
				2BABE82E24D7E73B002C77AD /* Main.storyboard in Resources */,
			);
			runOnlyForDeploymentPostprocessing = 0;
		};
/* End PBXResourcesBuildPhase section */

/* Begin PBXShellScriptBuildPhase section */
		AF4B7D2A2AD3965386597BBA /* [CP] Check Pods Manifest.lock */ = {
			isa = PBXShellScriptBuildPhase;
			buildActionMask = 2147483647;
			files = (
			);
			inputFileListPaths = (
			);
			inputPaths = (
				"${PODS_PODFILE_DIR_PATH}/Podfile.lock",
				"${PODS_ROOT}/Manifest.lock",
			);
			name = "[CP] Check Pods Manifest.lock";
			outputFileListPaths = (
			);
			outputPaths = (
				"$(DERIVED_FILE_DIR)/Pods-8-3-zoom-checkManifestLockResult.txt",
			);
			runOnlyForDeploymentPostprocessing = 0;
			shellPath = /bin/sh;
			shellScript = "diff \"${PODS_PODFILE_DIR_PATH}/Podfile.lock\" \"${PODS_ROOT}/Manifest.lock\" > /dev/null\nif [ $? != 0 ] ; then\n    # print error to STDERR\n    echo \"error: The sandbox is not in sync with the Podfile.lock. Run 'pod install' or update your CocoaPods installation.\" >&2\n    exit 1\nfi\n# This output is used by Xcode 'outputs' to avoid re-running this script phase.\necho \"SUCCESS\" > \"${SCRIPT_OUTPUT_FILE_0}\"\n";
			showEnvVarsInLog = 0;
		};
		B762E6C9CF374A56C10B0CE3 /* [CP] Embed Pods Frameworks */ = {
			isa = PBXShellScriptBuildPhase;
			buildActionMask = 2147483647;
			files = (
			);
			inputFileListPaths = (
				"${PODS_ROOT}/Target Support Files/Pods-8-3-zoom/Pods-8-3-zoom-frameworks-${CONFIGURATION}-input-files.xcfilelist",
			);
			name = "[CP] Embed Pods Frameworks";
			outputFileListPaths = (
				"${PODS_ROOT}/Target Support Files/Pods-8-3-zoom/Pods-8-3-zoom-frameworks-${CONFIGURATION}-output-files.xcfilelist",
			);
			runOnlyForDeploymentPostprocessing = 0;
			shellPath = /bin/sh;
			shellScript = "\"${PODS_ROOT}/Target Support Files/Pods-8-3-zoom/Pods-8-3-zoom-frameworks.sh\"\n";
			showEnvVarsInLog = 0;
		};
/* End PBXShellScriptBuildPhase section */

/* Begin PBXSourcesBuildPhase section */
		2BABE81F24D7E73B002C77AD /* Sources */ = {
			isa = PBXSourcesBuildPhase;
			buildActionMask = 2147483647;
			files = (
				2BABE82B24D7E73B002C77AD /* ViewController.swift in Sources */,
				2BB643A224D836780085C8C2 /* filterController.swift in Sources */,
				2BB643AA24DA60900085C8C2 /* network.swift in Sources */,
				2BABE82724D7E73B002C77AD /* AppDelegate.swift in Sources */,
				2BABE83124D7E73B002C77AD /* __3_zoom.xcdatamodeld in Sources */,
				2BABE82924D7E73B002C77AD /* SceneDelegate.swift in Sources */,
				2BB643A424D836BF0085C8C2 /* cutController.swift in Sources */,
				2BB643A024D834DE0085C8C2 /* zoomController.swift in Sources */,
			);
			runOnlyForDeploymentPostprocessing = 0;
		};
/* End PBXSourcesBuildPhase section */

/* Begin PBXVariantGroup section */
		2BABE82C24D7E73B002C77AD /* Main.storyboard */ = {
			isa = PBXVariantGroup;
			children = (
				2BABE82D24D7E73B002C77AD /* Base */,
			);
			name = Main.storyboard;
			sourceTree = "<group>";
		};
		2BABE83424D7E73C002C77AD /* LaunchScreen.storyboard */ = {
			isa = PBXVariantGroup;
			children = (
				2BABE83524D7E73C002C77AD /* Base */,
			);
			name = LaunchScreen.storyboard;
			sourceTree = "<group>";
		};
/* End PBXVariantGroup section */

/* Begin XCBuildConfiguration section */
		2BABE83824D7E73C002C77AD /* Debug */ = {
			isa = XCBuildConfiguration;
			buildSettings = {
				ALWAYS_SEARCH_USER_PATHS = NO;
				CLANG_ANALYZER_NONNULL = YES;
				CLANG_ANALYZER_NUMBER_OBJECT_CONVERSION = YES_AGGRESSIVE;
				CLANG_CXX_LANGUAGE_STANDARD = "gnu++14";
				CLANG_CXX_LIBRARY = "libc++";
				CLANG_ENABLE_MODULES = YES;
				CLANG_ENABLE_OBJC_ARC = YES;
				CLANG_ENABLE_OBJC_WEAK = YES;
				CLANG_WARN_BLOCK_CAPTURE_AUTORELEASING = YES;
				CLANG_WARN_BOOL_CONVERSION = YES;
				CLANG_WARN_COMMA = YES;
				CLANG_WARN_CONSTANT_CONVERSION = YES;
				CLANG_WARN_DEPRECATED_OBJC_IMPLEMENTATIONS = YES;
				CLANG_WARN_DIRECT_OBJC_ISA_USAGE = YES_ERROR;
				CLANG_WARN_DOCUMENTATION_COMMENTS = YES;
				CLANG_WARN_EMPTY_BODY = YES;
				CLANG_WARN_ENUM_CONVERSION = YES;
				CLANG_WARN_INFINITE_RECURSION = YES;
				CLANG_WARN_INT_CONVERSION = YES;
				CLANG_WARN_NON_LITERAL_NULL_CONVERSION = YES;
				CLANG_WARN_OBJC_IMPLICIT_RETAIN_SELF = YES;
				CLANG_WARN_OBJC_LITERAL_CONVERSION = YES;
				CLANG_WARN_OBJC_ROOT_CLASS = YES_ERROR;
				CLANG_WARN_QUOTED_INCLUDE_IN_FRAMEWORK_HEADER = YES;
				CLANG_WARN_RANGE_LOOP_ANALYSIS = YES;
				CLANG_WARN_STRICT_PROTOTYPES = YES;
				CLANG_WARN_SUSPICIOUS_MOVE = YES;
				CLANG_WARN_UNGUARDED_AVAILABILITY = YES_AGGRESSIVE;
				CLANG_WARN_UNREACHABLE_CODE = YES;
				CLANG_WARN__DUPLICATE_METHOD_MATCH = YES;
				COPY_PHASE_STRIP = NO;
				DEBUG_INFORMATION_FORMAT = dwarf;
				ENABLE_STRICT_OBJC_MSGSEND = YES;
				ENABLE_TESTABILITY = YES;
				GCC_C_LANGUAGE_STANDARD = gnu11;
				GCC_DYNAMIC_NO_PIC = NO;
				GCC_NO_COMMON_BLOCKS = YES;
				GCC_OPTIMIZATION_LEVEL = 0;
				GCC_PREPROCESSOR_DEFINITIONS = (
					"DEBUG=1",
					"$(inherited)",
				);
				GCC_WARN_64_TO_32_BIT_CONVERSION = YES;
				GCC_WARN_ABOUT_RETURN_TYPE = YES_ERROR;
				GCC_WARN_UNDECLARED_SELECTOR = YES;
				GCC_WARN_UNINITIALIZED_AUTOS = YES_AGGRESSIVE;
				GCC_WARN_UNUSED_FUNCTION = YES;
				GCC_WARN_UNUSED_VARIABLE = YES;
				IPHONEOS_DEPLOYMENT_TARGET = 14.0;
				MTL_ENABLE_DEBUG_INFO = INCLUDE_SOURCE;
				MTL_FAST_MATH = YES;
				ONLY_ACTIVE_ARCH = YES;
				SDKROOT = iphoneos;
				SWIFT_ACTIVE_COMPILATION_CONDITIONS = DEBUG;
				SWIFT_OPTIMIZATION_LEVEL = "-Onone";
			};
			name = Debug;
		};
		2BABE83924D7E73C002C77AD /* Release */ = {
			isa = XCBuildConfiguration;
			buildSettings = {
				ALWAYS_SEARCH_USER_PATHS = NO;
				CLANG_ANALYZER_NONNULL = YES;
				CLANG_ANALYZER_NUMBER_OBJECT_CONVERSION = YES_AGGRESSIVE;
				CLANG_CXX_LANGUAGE_STANDARD = "gnu++14";
				CLANG_CXX_LIBRARY = "libc++";
				CLANG_ENABLE_MODULES = YES;
				CLANG_ENABLE_OBJC_ARC = YES;
				CLANG_ENABLE_OBJC_WEAK = YES;
				CLANG_WARN_BLOCK_CAPTURE_AUTORELEASING = YES;
				CLANG_WARN_BOOL_CONVERSION = YES;
				CLANG_WARN_COMMA = YES;
				CLANG_WARN_CONSTANT_CONVERSION = YES;
				CLANG_WARN_DEPRECATED_OBJC_IMPLEMENTATIONS = YES;
				CLANG_WARN_DIRECT_OBJC_ISA_USAGE = YES_ERROR;
				CLANG_WARN_DOCUMENTATION_COMMENTS = YES;
				CLANG_WARN_EMPTY_BODY = YES;
				CLANG_WARN_ENUM_CONVERSION = YES;
				CLANG_WARN_INFINITE_RECURSION = YES;
				CLANG_WARN_INT_CONVERSION = YES;
				CLANG_WARN_NON_LITERAL_NULL_CONVERSION = YES;
				CLANG_WARN_OBJC_IMPLICIT_RETAIN_SELF = YES;
				CLANG_WARN_OBJC_LITERAL_CONVERSION = YES;
				CLANG_WARN_OBJC_ROOT_CLASS = YES_ERROR;
				CLANG_WARN_QUOTED_INCLUDE_IN_FRAMEWORK_HEADER = YES;
				CLANG_WARN_RANGE_LOOP_ANALYSIS = YES;
				CLANG_WARN_STRICT_PROTOTYPES = YES;
				CLANG_WARN_SUSPICIOUS_MOVE = YES;
				CLANG_WARN_UNGUARDED_AVAILABILITY = YES_AGGRESSIVE;
				CLANG_WARN_UNREACHABLE_CODE = YES;
				CLANG_WARN__DUPLICATE_METHOD_MATCH = YES;
				COPY_PHASE_STRIP = NO;
				DEBUG_INFORMATION_FORMAT = "dwarf-with-dsym";
				ENABLE_NS_ASSERTIONS = NO;
				ENABLE_STRICT_OBJC_MSGSEND = YES;
				GCC_C_LANGUAGE_STANDARD = gnu11;
				GCC_NO_COMMON_BLOCKS = YES;
				GCC_WARN_64_TO_32_BIT_CONVERSION = YES;
				GCC_WARN_ABOUT_RETURN_TYPE = YES_ERROR;
				GCC_WARN_UNDECLARED_SELECTOR = YES;
				GCC_WARN_UNINITIALIZED_AUTOS = YES_AGGRESSIVE;
				GCC_WARN_UNUSED_FUNCTION = YES;
				GCC_WARN_UNUSED_VARIABLE = YES;
				IPHONEOS_DEPLOYMENT_TARGET = 14.0;
				MTL_ENABLE_DEBUG_INFO = NO;
				MTL_FAST_MATH = YES;
				SDKROOT = iphoneos;
				SWIFT_COMPILATION_MODE = wholemodule;
				SWIFT_OPTIMIZATION_LEVEL = "-O";
				VALIDATE_PRODUCT = YES;
			};
			name = Release;
		};
		2BABE83B24D7E73C002C77AD /* Debug */ = {
			isa = XCBuildConfiguration;
			baseConfigurationReference = C0F6135C130CDF6018BB0D5B /* Pods-8-3-zoom.debug.xcconfig */;
			buildSettings = {
				ASSETCATALOG_COMPILER_APPICON_NAME = AppIcon;
				ASSETCATALOG_COMPILER_GLOBAL_ACCENT_COLOR_NAME = AccentColor;
				CODE_SIGN_STYLE = Automatic;
				INFOPLIST_FILE = "8-3-zoom/Info.plist";
				LD_RUNPATH_SEARCH_PATHS = (
					"$(inherited)",
					"@executable_path/Frameworks",
				);
				PRODUCT_BUNDLE_IDENTIFIER = "cak.--3-zoom";
				PRODUCT_NAME = "$(TARGET_NAME)";
				SWIFT_VERSION = 5.0;
				TARGETED_DEVICE_FAMILY = "1,2";
			};
			name = Debug;
		};
		2BABE83C24D7E73C002C77AD /* Release */ = {
			isa = XCBuildConfiguration;
			baseConfigurationReference = 211D787E01FF4579D18BA0A8 /* Pods-8-3-zoom.release.xcconfig */;
			buildSettings = {
				ASSETCATALOG_COMPILER_APPICON_NAME = AppIcon;
				ASSETCATALOG_COMPILER_GLOBAL_ACCENT_COLOR_NAME = AccentColor;
				CODE_SIGN_STYLE = Automatic;
				INFOPLIST_FILE = "8-3-zoom/Info.plist";
				LD_RUNPATH_SEARCH_PATHS = (
					"$(inherited)",
					"@executable_path/Frameworks",
				);
				PRODUCT_BUNDLE_IDENTIFIER = "cak.--3-zoom";
				PRODUCT_NAME = "$(TARGET_NAME)";
				SWIFT_VERSION = 5.0;
				TARGETED_DEVICE_FAMILY = "1,2";
			};
			name = Release;
		};
/* End XCBuildConfiguration section */

/* Begin XCConfigurationList section */
		2BABE81E24D7E73B002C77AD /* Build configuration list for PBXProject "8-3-zoom" */ = {
			isa = XCConfigurationList;
			buildConfigurations = (
				2BABE83824D7E73C002C77AD /* Debug */,
				2BABE83924D7E73C002C77AD /* Release */,
			);
			defaultConfigurationIsVisible = 0;
			defaultConfigurationName = Release;
		};
		2BABE83A24D7E73C002C77AD /* Build configuration list for PBXNativeTarget "8-3-zoom" */ = {
			isa = XCConfigurationList;
			buildConfigurations = (
				2BABE83B24D7E73C002C77AD /* Debug */,
				2BABE83C24D7E73C002C77AD /* Release */,
			);
			defaultConfigurationIsVisible = 0;
			defaultConfigurationName = Release;
		};
/* End XCConfigurationList section */

/* Begin XCVersionGroup section */
		2BABE82F24D7E73B002C77AD /* __3_zoom.xcdatamodeld */ = {
			isa = XCVersionGroup;
			children = (
				2BABE83024D7E73B002C77AD /* __3_zoom.xcdatamodel */,
			);
			currentVersion = 2BABE83024D7E73B002C77AD /* __3_zoom.xcdatamodel */;
			path = __3_zoom.xcdatamodeld;
			sourceTree = "<group>";
			versionGroupType = wrapper.xcdatamodel;
		};
/* End XCVersionGroup section */
	};
	rootObject = 2BABE81B24D7E73B002C77AD /* Project object */;
}
